github.com/aziizpranaja/module-golang-say-hello v1.0.0 h1:76u3X6RENjzIZ4Uhk5ADtQTCUgGMdNkjW+8iKm/q2Vw=
github.com/aziizpranaja/module-golang-say-hello v1.0.0/go.mod h1:KSNOgWkYUc+2aRJrlMny2x4pMkdCv8aFRNggV2uGN2Q=
github.com/aziizpranaja/module-golang-say-hello v1.5.0 h1:VZMhkNv5nZXrKmSGIbZmH4Tk6FQJseGGAdDWy+KNnGU=
github.com/aziizpranaja/module-golang-say-hello v1.5.0/go.mod h1:KSNOgWkYUc+2aRJrlMny2x4pMkdCv8aFRNggV2uGN2Q=
github.com/aziizpranaja/module-golang-say-hello/v2 v2.0.0 h1:vxfpdiK0V2oqL1Kh7NKV0vLHGlDcjjTBtRFbLlpuF8M=
github.com/aziizpranaja/module-golang-say-hello/v2 v2.0.0/go.mod h1:Mwwrdw5fpjW6ZDraBmTwIlPFIq9WFEmnpuhAOGAyoPA=
